<?xml version="1.0" encoding="utf-8"?>
<Project ToolsVersion="4.0" xmlns="http://schemas.microsoft.com/developer/msbuild/2003">
  <ItemGroup>
    <Filter Include="Source Files">
      <UniqueIdentifier>{4FC737F1-C7A5-4376-A066-2A32D752A2FF}</UniqueIdentifier>
      <Extensions>cpp;c;cc;cxx;def;odl;idl;hpj;bat;asm;asmx</Extensions>
    </Filter>
    <Filter Include="Header Files">
      <UniqueIdentifier>{93995380-89BD-4b04-88EB-625FBE52EBFB}</UniqueIdentifier>
      <Extensions>h;hh;hpp;hxx;hm;inl;inc;xsd</Extensions>
    </Filter>
    <Filter Include="Resource Files">
      <UniqueIdentifier>{67DA6AB6-F800-4c08-8B7A-83BB121AAD01}</UniqueIdentifier>
      <Extensions>rc;ico;cur;bmp;dlg;rc2;rct;bin;rgs;gif;jpg;jpeg;jpe;resx;tiff;tif;png;wav</Extensions>
    </Filter>
  </ItemGroup>
  <ItemGroup>
    <ClCompile Include="compression\deflate_block.cpp">
      <Filter>Source Files</Filter>
    </ClCompile>
    <ClCompile Include="compression\huffman_coding.cpp">
      <Filter>Source Files</Filter>
    </ClCompile>
    <ClCompile Include="compression\zlib.cpp">
      <Filter>Source Files</Filter>
    </ClCompile>
    <ClCompile Include="encryption\adler32.cpp">
      <Filter>Source Files</Filter>
    </ClCompile>
    <ClCompile Include="encryption\crc.cpp">
      <Filter>Source Files</Filter>
    </ClCompile>
    <ClCompile Include="graphics\canvas.cpp">
      <Filter>Source Files</Filter>
    </ClCompile>
    <ClCompile Include="graphics\color.cpp">
      <Filter>Source Files</Filter>
    </ClCompile>
    <ClCompile Include="graphics\image.cpp">
      <Filter>Source Files</Filter>
    </ClCompile>
    <ClCompile Include="helpers\material_helper.cpp">
      <Filter>Source Files</Filter>
    </ClCompile>
    <ClCompile Include="math\bounding_box.cpp">
      <Filter>Source Files</Filter>
    </ClCompile>
    <ClCompile Include="math\cone.cpp">
      <Filter>Source Files</Filter>
    </ClCompile>
    <ClCompile Include="math\cube.cpp">
      <Filter>Source Files</Filter>
    </ClCompile>
    <ClCompile Include="math\cylinder.cpp">
      <Filter>Source Files</Filter>
    </ClCompile>
    <ClCompile Include="math\intersection.cpp">
      <Filter>Source Files</Filter>
    </ClCompile>
    <ClCompile Include="math\intersections.cpp">
      <Filter>Source Files</Filter>
    </ClCompile>
    <ClCompile Include="math\perlin_noise.cpp">
      <Filter>Source Files</Filter>
    </ClCompile>
    <ClCompile Include="math\plane.cpp">
      <Filter>Source Files</Filter>
    </ClCompile>
    <ClCompile Include="math\point.cpp">
      <Filter>Source Files</Filter>
    </ClCompile>
    <ClCompile Include="math\ray.cpp">
      <Filter>Source Files</Filter>
    </ClCompile>
    <ClCompile Include="math\shape.cpp">
      <Filter>Source Files</Filter>
    </ClCompile>
    <ClCompile Include="math\smooth_triangle.cpp">
      <Filter>Source Files</Filter>
    </ClCompile>
    <ClCompile Include="math\sphere.cpp">
      <Filter>Source Files</Filter>
    </ClCompile>
    <ClCompile Include="math\transform.cpp">
      <Filter>Source Files</Filter>
    </ClCompile>
    <ClCompile Include="math\triangle.cpp">
      <Filter>Source Files</Filter>
    </ClCompile>
    <ClCompile Include="math\trig.cpp">
      <Filter>Source Files</Filter>
    </ClCompile>
    <ClCompile Include="math\vector.cpp">
      <Filter>Source Files</Filter>
    </ClCompile>
    <ClCompile Include="renderer\camera.cpp">
      <Filter>Source Files</Filter>
    </ClCompile>
    <ClCompile Include="renderer\computed_values.cpp">
      <Filter>Source Files</Filter>
    </ClCompile>
    <ClCompile Include="renderer\csg.cpp">
      <Filter>Source Files</Filter>
    </ClCompile>
    <ClCompile Include="renderer\group.cpp">
      <Filter>Source Files</Filter>
    </ClCompile>
    <ClCompile Include="renderer\lighting.cpp">
      <Filter>Source Files</Filter>
    </ClCompile>
    <ClCompile Include="renderer\material.cpp">
      <Filter>Source Files</Filter>
    </ClCompile>
    <ClCompile Include="renderer\pattern.cpp">
      <Filter>Source Files</Filter>
    </ClCompile>
    <ClCompile Include="renderer\point_light.cpp">
      <Filter>Source Files</Filter>
    </ClCompile>
    <ClCompile Include="renderer\render_job.cpp">
      <Filter>Source Files</Filter>
    </ClCompile>
    <ClCompile Include="renderer\shape.cpp">
      <Filter>Source Files</Filter>
    </ClCompile>
    <ClCompile Include="renderer\world.cpp">
      <Filter>Source Files</Filter>
    </ClCompile>
    <ClCompile Include="renderer\patterns\checker.cpp">
      <Filter>Source Files</Filter>
    </ClCompile>
    <ClCompile Include="renderer\patterns\gradient.cpp">
      <Filter>Source Files</Filter>
    </ClCompile>
    <ClCompile Include="renderer\patterns\perturbed.cpp">
      <Filter>Source Files</Filter>
    </ClCompile>
    <ClCompile Include="renderer\patterns\radial_gradient.cpp">
      <Filter>Source Files</Filter>
    </ClCompile>
    <ClCompile Include="renderer\patterns\ring.cpp">
      <Filter>Source Files</Filter>
    </ClCompile>
    <ClCompile Include="renderer\patterns\solid_color.cpp">
      <Filter>Source Files</Filter>
    </ClCompile>
    <ClCompile Include="renderer\patterns\stripe.cpp">
      <Filter>Source Files</Filter>
    </ClCompile>
    <ClCompile Include="renderer\patterns\test_pattern.cpp">
      <Filter>Source Files</Filter>
    </ClCompile>
    <ClCompile Include="serializer\base_image_serializer.cpp">
      <Filter>Source Files</Filter>
    </ClCompile>
    <ClCompile Include="serializer\portable_network_graphics_serializer.cpp">
      <Filter>Source Files</Filter>
    </ClCompile>
    <ClCompile Include="serializer\portable_pixmap_image_serializer.cpp">
      <Filter>Source Files</Filter>
    </ClCompile>
    <ClCompile Include="serializer\wavefront_obj_deserializer.cpp">
      <Filter>Source Files</Filter>
    </ClCompile>
  </ItemGroup>
  <ItemGroup>
    <ClInclude Include="compression\deflate_block.h">
      <Filter>Header Files</Filter>
    </ClInclude>
    <ClInclude Include="compression\huffman_coding.h">
      <Filter>Header Files</Filter>
    </ClInclude>
    <ClInclude Include="compression\zlib.h">
      <Filter>Header Files</Filter>
    </ClInclude>
    <ClInclude Include="encryption\adler32.h">
      <Filter>Header Files</Filter>
    </ClInclude>
    <ClInclude Include="encryption\crc.h">
      <Filter>Header Files</Filter>
    </ClInclude>
    <ClInclude Include="graphics\canvas.h">
      <Filter>Header Files</Filter>
    </ClInclude>
    <ClInclude Include="graphics\color.h">
      <Filter>Header Files</Filter>
    </ClInclude>
    <ClInclude Include="graphics\image.h">
      <Filter>Header Files</Filter>
    </ClInclude>
    <ClInclude Include="helpers\material_helper.h">
      <Filter>Header Files</Filter>
    </ClInclude>
    <ClInclude Include="helpers\polymorphic_comparable.h">
      <Filter>Header Files</Filter>
    </ClInclude>
    <ClInclude Include="math\bounding_box.h">
      <Filter>Header Files</Filter>
    </ClInclude>
    <ClInclude Include="math\comparison.h">
      <Filter>Header Files</Filter>
    </ClInclude>
    <ClInclude Include="math\cone.h">
      <Filter>Header Files</Filter>
    </ClInclude>
    <ClInclude Include="math\constants.h">
      <Filter>Header Files</Filter>
    </ClInclude>
    <ClInclude Include="math\cube.h">
      <Filter>Header Files</Filter>
    </ClInclude>
    <ClInclude Include="math\cylinder.h">
      <Filter>Header Files</Filter>
    </ClInclude>
    <ClInclude Include="math\intersection.h">
      <Filter>Header Files</Filter>
    </ClInclude>
    <ClInclude Include="math\intersections.h">
      <Filter>Header Files</Filter>
    </ClInclude>
    <ClInclude Include="math\i_shape.h">
      <Filter>Header Files</Filter>
    </ClInclude>
    <ClInclude Include="math\matrix.h">
      <Filter>Header Files</Filter>
    </ClInclude>
    <ClInclude Include="math\perlin_noise.h">
      <Filter>Header Files</Filter>
    </ClInclude>
    <ClInclude Include="math\plane.h">
      <Filter>Header Files</Filter>
    </ClInclude>
    <ClInclude Include="math\point.h">
      <Filter>Header Files</Filter>
    </ClInclude>
    <ClInclude Include="math\ray.h">
      <Filter>Header Files</Filter>
    </ClInclude>
    <ClInclude Include="math\shape.h">
      <Filter>Header Files</Filter>
    </ClInclude>
    <ClInclude Include="math\smooth_triangle.h">
      <Filter>Header Files</Filter>
    </ClInclude>
    <ClInclude Include="math\sphere.h">
      <Filter>Header Files</Filter>
    </ClInclude>
    <ClInclude Include="math\transform.h">
      <Filter>Header Files</Filter>
    </ClInclude>
    <ClInclude Include="math\triangle.h">
      <Filter>Header Files</Filter>
    </ClInclude>
    <ClInclude Include="math\trig.h">
      <Filter>Header Files</Filter>
    </ClInclude>
    <ClInclude Include="math\tuple.h">
      <Filter>Header Files</Filter>
    </ClInclude>
    <ClInclude Include="math\vector.h">
      <Filter>Header Files</Filter>
    </ClInclude>
    <ClInclude Include="renderer\camera.h">
      <Filter>Header Files</Filter>
    </ClInclude>
    <ClInclude Include="renderer\computed_values.h">
      <Filter>Header Files</Filter>
    </ClInclude>
    <ClInclude Include="renderer\csg.h">
      <Filter>Header Files</Filter>
    </ClInclude>
    <ClInclude Include="renderer\group.h">
      <Filter>Header Files</Filter>
    </ClInclude>
    <ClInclude Include="renderer\i_group.h">
      <Filter>Header Files</Filter>
    </ClInclude>
    <ClInclude Include="renderer\lighting.h">
      <Filter>Header Files</Filter>
    </ClInclude>
    <ClInclude Include="renderer\material.h">
      <Filter>Header Files</Filter>
    </ClInclude>
    <ClInclude Include="renderer\pattern.h">
      <Filter>Header Files</Filter>
    </ClInclude>
    <ClInclude Include="renderer\point_light.h">
      <Filter>Header Files</Filter>
    </ClInclude>
    <ClInclude Include="renderer\render_job.h">
      <Filter>Header Files</Filter>
    </ClInclude>
    <ClInclude Include="renderer\shape.h">
      <Filter>Header Files</Filter>
    </ClInclude>
    <ClInclude Include="renderer\world.h">
      <Filter>Header Files</Filter>
    </ClInclude>
    <ClInclude Include="renderer\patterns\checker.h">
      <Filter>Header Files</Filter>
    </ClInclude>
    <ClInclude Include="renderer\patterns\gradient.h">
      <Filter>Header Files</Filter>
    </ClInclude>
    <ClInclude Include="renderer\patterns\masked.h">
      <Filter>Header Files</Filter>
    </ClInclude>
    <ClInclude Include="renderer\patterns\perturbed.h">
      <Filter>Header Files</Filter>
    </ClInclude>
    <ClInclude Include="renderer\patterns\radial_gradient.h">
      <Filter>Header Files</Filter>
    </ClInclude>
    <ClInclude Include="renderer\patterns\ring.h">
      <Filter>Header Files</Filter>
    </ClInclude>
    <ClInclude Include="renderer\patterns\solid_color.h">
      <Filter>Header Files</Filter>
    </ClInclude>
    <ClInclude Include="renderer\patterns\stripe.h">
      <Filter>Header Files</Filter>
    </ClInclude>
    <ClInclude Include="renderer\patterns\test_pattern.h">
      <Filter>Header Files</Filter>
    </ClInclude>
    <ClInclude Include="serializer\base_image_serializer.h">
      <Filter>Header Files</Filter>
    </ClInclude>
    <ClInclude Include="serializer\portable_network_graphics_serializer.h">
      <Filter>Header Files</Filter>
    </ClInclude>
    <ClInclude Include="serializer\portable_pixmap_image_serializer.h">
      <Filter>Header Files</Filter>
    </ClInclude>
    <ClInclude Include="serializer\wavefront_obj_deserializer.h">
      <Filter>Header Files</Filter>
    </ClInclude>
  </ItemGroup>
</Project>